
Microsoft Visual Studio Solution File, Format Version 12.00
# Visual Studio 2015
Project("{FAE04EC0-301F-11D3-BF4B-00C04F79EFBC}") = "Shield Witch VS.CSharp.Plugins", "Shield Witch VS.CSharp.Plugins.csproj", "{A7612310-127A-B236-7AD4-6FF1E2EECA11}"
EndProject
Project("{FAE04EC0-301F-11D3-BF4B-00C04F79EFBC}") = "Shield Witch VS.CSharp", "Shield Witch VS.CSharp.csproj", "{3FADFEC2-A73F-FCC7-9881-3620CF2B6A30}"
EndProject
Project("{FAE04EC0-301F-11D3-BF4B-00C04F79EFBC}") = "Shield Witch VS.CSharp.Editor", "Shield Witch VS.CSharp.Editor.csproj", "{5B091AD7-0E55-CA42-8AED-8BD9B1917F4C}"
EndProject
Global
	GlobalSection(SolutionConfigurationPlatforms) = preSolution
		Debug|Any CPU = Debug|Any CPU
		Release|Any CPU = Release|Any CPU
	EndGlobalSection
	GlobalSection(ProjectConfigurationPlatforms) = postSolution
		{A7612310-127A-B236-7AD4-6FF1E2EECA11}.Debug|Any CPU.ActiveCfg = Debug|Any CPU
		{A7612310-127A-B236-7AD4-6FF1E2EECA11}.Debug|Any CPU.Build.0 = Debug|Any CPU
		{A7612310-127A-B236-7AD4-6FF1E2EECA11}.Release|Any CPU.ActiveCfg = Release|Any CPU
		{A7612310-127A-B236-7AD4-6FF1E2EECA11}.Release|Any CPU.Build.0 = Release|Any CPU
		{3FADFEC2-A73F-FCC7-9881-3620CF2B6A30}.Debug|Any CPU.ActiveCfg = Debug|Any CPU
		{3FADFEC2-A73F-FCC7-9881-3620CF2B6A30}.Debug|Any CPU.Build.0 = Debug|Any CPU
		{3FADFEC2-A73F-FCC7-9881-3620CF2B6A30}.Release|Any CPU.ActiveCfg = Release|Any CPU
		{3FADFEC2-A73F-FCC7-9881-3620CF2B6A30}.Release|Any CPU.Build.0 = Release|Any CPU
		{5B091AD7-0E55-CA42-8AED-8BD9B1917F4C}.Debug|Any CPU.ActiveCfg = Debug|Any CPU
		{5B091AD7-0E55-CA42-8AED-8BD9B1917F4C}.Debug|Any CPU.Build.0 = Debug|Any CPU
		{5B091AD7-0E55-CA42-8AED-8BD9B1917F4C}.Release|Any CPU.ActiveCfg = Release|Any CPU
		{5B091AD7-0E55-CA42-8AED-8BD9B1917F4C}.Release|Any CPU.Build.0 = Release|Any CPU
	EndGlobalSection
	GlobalSection(SolutionProperties) = preSolution
		HideSolutionNode = FALSE
	EndGlobalSection
EndGlobal
